
Microsoft Visual Studio Solution File, Format Version 12.00
# Visual Studio 2012
Project("{FAE04EC0-301F-11D3-BF4B-00C04F79EFBC}") = "TISE-odd and even parity-sol", "TISE-odd and even parity-sol\TISE-odd and even parity-sol.csproj", "{5E9FBCAC-5B7A-4CD9-9AD8-15CBD1D22B63}"
EndProject
Global
	GlobalSection(SolutionConfigurationPlatforms) = preSolution
		Debug|Any CPU = Debug|Any CPU
		Release|Any CPU = Release|Any CPU
	EndGlobalSection
	GlobalSection(ProjectConfigurationPlatforms) = postSolution
		{5E9FBCAC-5B7A-4CD9-9AD8-15CBD1D22B63}.Debug|Any CPU.ActiveCfg = Debug|Any CPU
		{5E9FBCAC-5B7A-4CD9-9AD8-15CBD1D22B63}.Debug|Any CPU.Build.0 = Debug|Any CPU
		{5E9FBCAC-5B7A-4CD9-9AD8-15CBD1D22B63}.Release|Any CPU.ActiveCfg = Release|Any CPU
		{5E9FBCAC-5B7A-4CD9-9AD8-15CBD1D22B63}.Release|Any CPU.Build.0 = Release|Any CPU
	EndGlobalSection
	GlobalSection(SolutionProperties) = preSolution
		HideSolutionNode = FALSE
	EndGlobalSection
EndGlobal
